
Microsoft Visual Studio Solution File, Format Version 12.00
# Visual Studio Version 17
VisualStudioVersion = 17.13.35818.85 d17.13
MinimumVisualStudioVersion = 10.0.40219.1
Project("{FAE04EC0-301F-11D3-BF4B-00C04F79EFBC}") = "New-Tech", "New-Tech\New-Tech.csproj", "{974511E3-2697-43AD-88D3-3FE89860D187}"
EndProject
Global
	GlobalSection(SolutionConfigurationPlatforms) = preSolution
		Debug|Any CPU = Debug|Any CPU
		Release|Any CPU = Release|Any CPU
	EndGlobalSection
	GlobalSection(ProjectConfigurationPlatforms) = postSolution
		{974511E3-2697-43AD-88D3-3FE89860D187}.Debug|Any CPU.ActiveCfg = Debug|Any CPU
		{974511E3-2697-43AD-88D3-3FE89860D187}.Debug|Any CPU.Build.0 = Debug|Any CPU
		{974511E3-2697-43AD-88D3-3FE89860D187}.Release|Any CPU.ActiveCfg = Release|Any CPU
		{974511E3-2697-43AD-88D3-3FE89860D187}.Release|Any CPU.Build.0 = Release|Any CPU
	EndGlobalSection
	GlobalSection(SolutionProperties) = preSolution
		HideSolutionNode = FALSE
	EndGlobalSection
	GlobalSection(ExtensibilityGlobals) = postSolution
		SolutionGuid = {790891DB-F260-4309-813B-9257D9A4FD4A}
	EndGlobalSection
EndGlobal
